
Microsoft Visual Studio Solution File, Format Version 12.00
# Visual Studio 2012
Project("{FAE04EC0-301F-11D3-BF4B-00C04F79EFBC}") = "date", "date\date.csproj", "{5468E82B-D6DC-4673-97D7-C15D33049951}"
EndProject
Global
	GlobalSection(SolutionConfigurationPlatforms) = preSolution
		Debug|Any CPU = Debug|Any CPU
		Release|Any CPU = Release|Any CPU
	EndGlobalSection
	GlobalSection(ProjectConfigurationPlatforms) = postSolution
		{5468E82B-D6DC-4673-97D7-C15D33049951}.Debug|Any CPU.ActiveCfg = Debug|Any CPU
		{5468E82B-D6DC-4673-97D7-C15D33049951}.Debug|Any CPU.Build.0 = Debug|Any CPU
		{5468E82B-D6DC-4673-97D7-C15D33049951}.Release|Any CPU.ActiveCfg = Release|Any CPU
		{5468E82B-D6DC-4673-97D7-C15D33049951}.Release|Any CPU.Build.0 = Release|Any CPU
	EndGlobalSection
	GlobalSection(SolutionProperties) = preSolution
		HideSolutionNode = FALSE
	EndGlobalSection
EndGlobal
